
Microsoft Visual Studio Solution File, Format Version 12.00
# Visual Studio 15
VisualStudioVersion = 15.0.28307.271
MinimumVisualStudioVersion = 10.0.40219.1
Project("{9A19103F-16F7-4668-BE54-9A1E7A4F7556}") = "AAE", "AAE\AAE.csproj", "{1E2572DC-D968-4961-AA38-293234D60DC6}"
EndProject
Project("{9A19103F-16F7-4668-BE54-9A1E7A4F7556}") = "AuthorizationContext", "AuthorizationContext\AuthorizationContext.csproj", "{02465DB4-ECC5-4FDC-9C88-013E6DCE85BA}"
EndProject
Project("{FAE04EC0-301F-11D3-BF4B-00C04F79EFBC}") = "SQLAuthorizationRepository", "SQLAuthorizationRepository\SQLAuthorizationRepository.csproj", "{A7D91C82-9348-404B-BAED-6C856C39B0A8}"
EndProject
Global
	GlobalSection(SolutionConfigurationPlatforms) = preSolution
		Debug|Any CPU = Debug|Any CPU
		Release|Any CPU = Release|Any CPU
	EndGlobalSection
	GlobalSection(ProjectConfigurationPlatforms) = postSolution
		{1E2572DC-D968-4961-AA38-293234D60DC6}.Debug|Any CPU.ActiveCfg = Debug|Any CPU
		{1E2572DC-D968-4961-AA38-293234D60DC6}.Debug|Any CPU.Build.0 = Debug|Any CPU
		{1E2572DC-D968-4961-AA38-293234D60DC6}.Release|Any CPU.ActiveCfg = Release|Any CPU
		{1E2572DC-D968-4961-AA38-293234D60DC6}.Release|Any CPU.Build.0 = Release|Any CPU
		{02465DB4-ECC5-4FDC-9C88-013E6DCE85BA}.Debug|Any CPU.ActiveCfg = Debug|Any CPU
		{02465DB4-ECC5-4FDC-9C88-013E6DCE85BA}.Debug|Any CPU.Build.0 = Debug|Any CPU
		{02465DB4-ECC5-4FDC-9C88-013E6DCE85BA}.Release|Any CPU.ActiveCfg = Release|Any CPU
		{02465DB4-ECC5-4FDC-9C88-013E6DCE85BA}.Release|Any CPU.Build.0 = Release|Any CPU
		{A7D91C82-9348-404B-BAED-6C856C39B0A8}.Debug|Any CPU.ActiveCfg = Debug|Any CPU
		{A7D91C82-9348-404B-BAED-6C856C39B0A8}.Debug|Any CPU.Build.0 = Debug|Any CPU
		{A7D91C82-9348-404B-BAED-6C856C39B0A8}.Release|Any CPU.ActiveCfg = Release|Any CPU
		{A7D91C82-9348-404B-BAED-6C856C39B0A8}.Release|Any CPU.Build.0 = Release|Any CPU
	EndGlobalSection
	GlobalSection(SolutionProperties) = preSolution
		HideSolutionNode = FALSE
	EndGlobalSection
	GlobalSection(ExtensibilityGlobals) = postSolution
		SolutionGuid = {432136B0-A509-422C-9DA0-43A01DAFA4D1}
	EndGlobalSection
EndGlobal
